// !$*UTF8*$!
{
	archiveVersion = 1;
	classes = {
	};
	objectVersion = 48;
	objects = {

/* Begin PBXBuildFile section */
		1A5768AE1FCD151C00C6A909 /* Drachen.scn in Resources */ = {isa = PBXBuildFile; fileRef = 1A5768AD1FCD151C00C6A909 /* Drachen.scn */; };
		1A5768B01FCD15C200C6A909 /* dragon_C.jpg in Resources */ = {isa = PBXBuildFile; fileRef = 1A5768AF1FCD15C100C6A909 /* dragon_C.jpg */; };
		1A5768B51FCD286400C6A909 /* troll.scn in Resources */ = {isa = PBXBuildFile; fileRef = 1A5768B41FCD286400C6A909 /* troll.scn */; };
		1A5768B71FCD2B5500C6A909 /* Body_D.jpg in Resources */ = {isa = PBXBuildFile; fileRef = 1A5768B61FCD2B5400C6A909 /* Body_D.jpg */; };
		1A5768B91FCD2B9100C6A909 /* Teeth_A_2.jpg in Resources */ = {isa = PBXBuildFile; fileRef = 1A5768B81FCD2B9100C6A909 /* Teeth_A_2.jpg */; };
		1A5768BB1FCD2B9900C6A909 /* Mouth_A.jpg in Resources */ = {isa = PBXBuildFile; fileRef = 1A5768BA1FCD2B9900C6A909 /* Mouth_A.jpg */; };
		1AA7245B1FDF5C4D00CE49FF /* ViewController2.swift in Sources */ = {isa = PBXBuildFile; fileRef = 1AA7245A1FDF5C4D00CE49FF /* ViewController2.swift */; };
		1ABDAA6B1FC49BF1007FFB83 /* AppDelegate.swift in Sources */ = {isa = PBXBuildFile; fileRef = 1ABDAA6A1FC49BF1007FFB83 /* AppDelegate.swift */; };
		1ABDAA6D1FC49BF1007FFB83 /* art.scnassets in Resources */ = {isa = PBXBuildFile; fileRef = 1ABDAA6C1FC49BF1007FFB83 /* art.scnassets */; };
		1ABDAA6F1FC49BF1007FFB83 /* ViewController.swift in Sources */ = {isa = PBXBuildFile; fileRef = 1ABDAA6E1FC49BF1007FFB83 /* ViewController.swift */; };
		1ABDAA721FC49BF1007FFB83 /* Main.storyboard in Resources */ = {isa = PBXBuildFile; fileRef = 1ABDAA701FC49BF1007FFB83 /* Main.storyboard */; };
		1ABDAA741FC49BF1007FFB83 /* Assets.xcassets in Resources */ = {isa = PBXBuildFile; fileRef = 1ABDAA731FC49BF1007FFB83 /* Assets.xcassets */; };
		1ABDAA771FC49BF1007FFB83 /* LaunchScreen.storyboard in Resources */ = {isa = PBXBuildFile; fileRef = 1ABDAA751FC49BF1007FFB83 /* LaunchScreen.storyboard */; };
/* End PBXBuildFile section */

/* Begin PBXFileReference section */
		1A5768AD1FCD151C00C6A909 /* Drachen.scn */ = {isa = PBXFileReference; lastKnownFileType = file.bplist; path = Drachen.scn; sourceTree = "<group>"; };
		1A5768AF1FCD15C100C6A909 /* dragon_C.jpg */ = {isa = PBXFileReference; lastKnownFileType = image.jpeg; path = dragon_C.jpg; sourceTree = "<group>"; };
		1A5768B41FCD286400C6A909 /* troll.scn */ = {isa = PBXFileReference; lastKnownFileType = file.bplist; path = troll.scn; sourceTree = "<group>"; };
		1A5768B61FCD2B5400C6A909 /* Body_D.jpg */ = {isa = PBXFileReference; lastKnownFileType = image.jpeg; path = Body_D.jpg; sourceTree = "<group>"; };
		1A5768B81FCD2B9100C6A909 /* Teeth_A_2.jpg */ = {isa = PBXFileReference; lastKnownFileType = image.jpeg; path = Teeth_A_2.jpg; sourceTree = "<group>"; };
		1A5768BA1FCD2B9900C6A909 /* Mouth_A.jpg */ = {isa = PBXFileReference; lastKnownFileType = image.jpeg; path = Mouth_A.jpg; sourceTree = "<group>"; };
		1AA7245A1FDF5C4D00CE49FF /* ViewController2.swift */ = {isa = PBXFileReference; lastKnownFileType = sourcecode.swift; path = ViewController2.swift; sourceTree = "<group>"; };
		1ABDAA671FC49BF1007FFB83 /* ARMultiplayerTest.app */ = {isa = PBXFileReference; explicitFileType = wrapper.application; includeInIndex = 0; path = ARMultiplayerTest.app; sourceTree = BUILT_PRODUCTS_DIR; };
		1ABDAA6A1FC49BF1007FFB83 /* AppDelegate.swift */ = {isa = PBXFileReference; lastKnownFileType = sourcecode.swift; path = AppDelegate.swift; sourceTree = "<group>"; };
		1ABDAA6C1FC49BF1007FFB83 /* art.scnassets */ = {isa = PBXFileReference; lastKnownFileType = wrapper.scnassets; path = art.scnassets; sourceTree = "<group>"; };
		1ABDAA6E1FC49BF1007FFB83 /* ViewController.swift */ = {isa = PBXFileReference; lastKnownFileType = sourcecode.swift; path = ViewController.swift; sourceTree = "<group>"; };
		1ABDAA711FC49BF1007FFB83 /* Base */ = {isa = PBXFileReference; lastKnownFileType = file.storyboard; name = Base; path = Base.lproj/Main.storyboard; sourceTree = "<group>"; };
		1ABDAA731FC49BF1007FFB83 /* Assets.xcassets */ = {isa = PBXFileReference; lastKnownFileType = folder.assetcatalog; path = Assets.xcassets; sourceTree = "<group>"; };
		1ABDAA761FC49BF1007FFB83 /* Base */ = {isa = PBXFileReference; lastKnownFileType = file.storyboard; name = Base; path = Base.lproj/LaunchScreen.storyboard; sourceTree = "<group>"; };
		1ABDAA781FC49BF1007FFB83 /* Info.plist */ = {isa = PBXFileReference; lastKnownFileType = text.plist.xml; path = Info.plist; sourceTree = "<group>"; };
/* End PBXFileReference section */

/* Begin PBXFrameworksBuildPhase section */
		1ABDAA641FC49BF1007FFB83 /* Frameworks */ = {
			isa = PBXFrameworksBuildPhase;
			buildActionMask = 2147483647;
			files = (
			);
			runOnlyForDeploymentPostprocessing = 0;
		};
/* End PBXFrameworksBuildPhase section */

/* Begin PBXGroup section */
		1ABDAA5E1FC49BF1007FFB83 = {
			isa = PBXGroup;
			children = (
				1ABDAA691FC49BF1007FFB83 /* ARMultiplayerTest */,
				1ABDAA681FC49BF1007FFB83 /* Products */,
			);
			sourceTree = "<group>";
		};
		1ABDAA681FC49BF1007FFB83 /* Products */ = {
			isa = PBXGroup;
			children = (
				1ABDAA671FC49BF1007FFB83 /* ARMultiplayerTest.app */,
			);
			name = Products;
			sourceTree = "<group>";
		};
		1ABDAA691FC49BF1007FFB83 /* ARMultiplayerTest */ = {
			isa = PBXGroup;
			children = (
				1ABDAA6A1FC49BF1007FFB83 /* AppDelegate.swift */,
				1A5768AD1FCD151C00C6A909 /* Drachen.scn */,
				1A5768AF1FCD15C100C6A909 /* dragon_C.jpg */,
				1A5768B41FCD286400C6A909 /* troll.scn */,
				1A5768B61FCD2B5400C6A909 /* Body_D.jpg */,
				1A5768B81FCD2B9100C6A909 /* Teeth_A_2.jpg */,
				1A5768BA1FCD2B9900C6A909 /* Mouth_A.jpg */,
				1ABDAA6C1FC49BF1007FFB83 /* art.scnassets */,
				1ABDAA6E1FC49BF1007FFB83 /* ViewController.swift */,
				1ABDAA701FC49BF1007FFB83 /* Main.storyboard */,
				1ABDAA731FC49BF1007FFB83 /* Assets.xcassets */,
				1ABDAA751FC49BF1007FFB83 /* LaunchScreen.storyboard */,
				1ABDAA781FC49BF1007FFB83 /* Info.plist */,
				1AA7245A1FDF5C4D00CE49FF /* ViewController2.swift */,
			);
			path = ARMultiplayerTest;
			sourceTree = "<group>";
		};
/* End PBXGroup section */

/* Begin PBXNativeTarget section */
		1ABDAA661FC49BF1007FFB83 /* ARMultiplayerTest */ = {
			isa = PBXNativeTarget;
			buildConfigurationList = 1ABDAA7B1FC49BF1007FFB83 /* Build configuration list for PBXNativeTarget "ARMultiplayerTest" */;
			buildPhases = (
				1ABDAA631FC49BF1007FFB83 /* Sources */,
				1ABDAA641FC49BF1007FFB83 /* Frameworks */,
				1ABDAA651FC49BF1007FFB83 /* Resources */,
			);
			buildRules = (
			);
			dependencies = (
			);
			name = ARMultiplayerTest;
			productName = ARMultiplayerTest;
			productReference = 1ABDAA671FC49BF1007FFB83 /* ARMultiplayerTest.app */;
			productType = "com.apple.product-type.application";
		};
/* End PBXNativeTarget section */

/* Begin PBXProject section */
		1ABDAA5F1FC49BF1007FFB83 /* Project object */ = {
			isa = PBXProject;
			attributes = {
				LastSwiftUpdateCheck = 0910;
				LastUpgradeCheck = 0910;
				ORGANIZATIONNAME = "Aaron Motayne";
				TargetAttributes = {
					1ABDAA661FC49BF1007FFB83 = {
						CreatedOnToolsVersion = 9.1;
						ProvisioningStyle = Automatic;
					};
				};
			};
			buildConfigurationList = 1ABDAA621FC49BF1007FFB83 /* Build configuration list for PBXProject "ARMultiplayerTest" */;
			compatibilityVersion = "Xcode 8.0";
			developmentRegion = en;
			hasScannedForEncodings = 0;
			knownRegions = (
				en,
				Base,
			);
			mainGroup = 1ABDAA5E1FC49BF1007FFB83;
			productRefGroup = 1ABDAA681FC49BF1007FFB83 /* Products */;
			projectDirPath = "";
			projectRoot = "";
			targets = (
				1ABDAA661FC49BF1007FFB83 /* ARMultiplayerTest */,
			);
		};
/* End PBXProject section */

/* Begin PBXResourcesBuildPhase section */
		1ABDAA651FC49BF1007FFB83 /* Resources */ = {
			isa = PBXResourcesBuildPhase;
			buildActionMask = 2147483647;
			files = (
				1A5768B01FCD15C200C6A909 /* dragon_C.jpg in Resources */,
				1A5768AE1FCD151C00C6A909 /* Drachen.scn in Resources */,
				1A5768B71FCD2B5500C6A909 /* Body_D.jpg in Resources */,
				1ABDAA6D1FC49BF1007FFB83 /* art.scnassets in Resources */,
				1ABDAA771FC49BF1007FFB83 /* LaunchScreen.storyboard in Resources */,
				1A5768B51FCD286400C6A909 /* troll.scn in Resources */,
				1A5768B91FCD2B9100C6A909 /* Teeth_A_2.jpg in Resources */,
				1ABDAA741FC49BF1007FFB83 /* Assets.xcassets in Resources */,
				1ABDAA721FC49BF1007FFB83 /* Main.storyboard in Resources */,
				1A5768BB1FCD2B9900C6A909 /* Mouth_A.jpg in Resources */,
			);
			runOnlyForDeploymentPostprocessing = 0;
		};
/* End PBXResourcesBuildPhase section */

/* Begin PBXSourcesBuildPhase section */
		1ABDAA631FC49BF1007FFB83 /* Sources */ = {
			isa = PBXSourcesBuildPhase;
			buildActionMask = 2147483647;
			files = (
				1ABDAA6F1FC49BF1007FFB83 /* ViewController.swift in Sources */,
				1ABDAA6B1FC49BF1007FFB83 /* AppDelegate.swift in Sources */,
				1AA7245B1FDF5C4D00CE49FF /* ViewController2.swift in Sources */,
			);
			runOnlyForDeploymentPostprocessing = 0;
		};
/* End PBXSourcesBuildPhase section */

/* Begin PBXVariantGroup section */
		1ABDAA701FC49BF1007FFB83 /* Main.storyboard */ = {
			isa = PBXVariantGroup;
			children = (
				1ABDAA711FC49BF1007FFB83 /* Base */,
			);
			name = Main.storyboard;
			sourceTree = "<group>";
		};
		1ABDAA751FC49BF1007FFB83 /* LaunchScreen.storyboard */ = {
			isa = PBXVariantGroup;
			children = (
				1ABDAA761FC49BF1007FFB83 /* Base */,
			);
			name = LaunchScreen.storyboard;
			sourceTree = "<group>";
		};
/* End PBXVariantGroup section */

/* Begin XCBuildConfiguration section */
		1ABDAA791FC49BF1007FFB83 /* Debug */ = {
			isa = XCBuildConfiguration;
			buildSettings = {
				ALWAYS_SEARCH_USER_PATHS = NO;
				CLANG_ANALYZER_NONNULL = YES;
				CLANG_ANALYZER_NUMBER_OBJECT_CONVERSION = YES_AGGRESSIVE;
				CLANG_CXX_LANGUAGE_STANDARD = "gnu++14";
				CLANG_CXX_LIBRARY = "libc++";
				CLANG_ENABLE_MODULES = YES;
				CLANG_ENABLE_OBJC_ARC = YES;
				CLANG_WARN_BLOCK_CAPTURE_AUTORELEASING = YES;
				CLANG_WARN_BOOL_CONVERSION = YES;
				CLANG_WARN_COMMA = YES;
				CLANG_WARN_CONSTANT_CONVERSION = YES;
				CLANG_WARN_DIRECT_OBJC_ISA_USAGE = YES_ERROR;
				CLANG_WARN_DOCUMENTATION_COMMENTS = YES;
				CLANG_WARN_EMPTY_BODY = YES;
				CLANG_WARN_ENUM_CONVERSION = YES;
				CLANG_WARN_INFINITE_RECURSION = YES;
				CLANG_WARN_INT_CONVERSION = YES;
				CLANG_WARN_NON_LITERAL_NULL_CONVERSION = YES;
				CLANG_WARN_OBJC_LITERAL_CONVERSION = YES;
				CLANG_WARN_OBJC_ROOT_CLASS = YES_ERROR;
				CLANG_WARN_RANGE_LOOP_ANALYSIS = YES;
				CLANG_WARN_STRICT_PROTOTYPES = YES;
				CLANG_WARN_SUSPICIOUS_MOVE = YES;
				CLANG_WARN_UNGUARDED_AVAILABILITY = YES_AGGRESSIVE;
				CLANG_WARN_UNREACHABLE_CODE = YES;
				CLANG_WARN__DUPLICATE_METHOD_MATCH = YES;
				CODE_SIGN_IDENTITY = "iPhone Developer";
				COPY_PHASE_STRIP = NO;
				DEBUG_INFORMATION_FORMAT = dwarf;
				ENABLE_STRICT_OBJC_MSGSEND = YES;
				ENABLE_TESTABILITY = YES;
				GCC_C_LANGUAGE_STANDARD = gnu11;
				GCC_DYNAMIC_NO_PIC = NO;
				GCC_NO_COMMON_BLOCKS = YES;
				GCC_OPTIMIZATION_LEVEL = 0;
				GCC_PREPROCESSOR_DEFINITIONS = (
					"DEBUG=1",
					"$(inherited)",
				);
				GCC_WARN_64_TO_32_BIT_CONVERSION = YES;
				GCC_WARN_ABOUT_RETURN_TYPE = YES_ERROR;
				GCC_WARN_UNDECLARED_SELECTOR = YES;
				GCC_WARN_UNINITIALIZED_AUTOS = YES_AGGRESSIVE;
				GCC_WARN_UNUSED_FUNCTION = YES;
				GCC_WARN_UNUSED_VARIABLE = YES;
				IPHONEOS_DEPLOYMENT_TARGET = 11.1;
				MTL_ENABLE_DEBUG_INFO = YES;
				ONLY_ACTIVE_ARCH = YES;
				SDKROOT = iphoneos;
				SWIFT_ACTIVE_COMPILATION_CONDITIONS = DEBUG;
				SWIFT_OPTIMIZATION_LEVEL = "-Onone";
			};
			name = Debug;
		};
		1ABDAA7A1FC49BF1007FFB83 /* Release */ = {
			isa = XCBuildConfiguration;
			buildSettings = {
				ALWAYS_SEARCH_USER_PATHS = NO;
				CLANG_ANALYZER_NONNULL = YES;
				CLANG_ANALYZER_NUMBER_OBJECT_CONVERSION = YES_AGGRESSIVE;
				CLANG_CXX_LANGUAGE_STANDARD = "gnu++14";
				CLANG_CXX_LIBRARY = "libc++";
				CLANG_ENABLE_MODULES = YES;
				CLANG_ENABLE_OBJC_ARC = YES;
				CLANG_WARN_BLOCK_CAPTURE_AUTORELEASING = YES;
				CLANG_WARN_BOOL_CONVERSION = YES;
				CLANG_WARN_COMMA = YES;
				CLANG_WARN_CONSTANT_CONVERSION = YES;
				CLANG_WARN_DIRECT_OBJC_ISA_USAGE = YES_ERROR;
				CLANG_WARN_DOCUMENTATION_COMMENTS = YES;
				CLANG_WARN_EMPTY_BODY = YES;
				CLANG_WARN_ENUM_CONVERSION = YES;
				CLANG_WARN_INFINITE_RECURSION = YES;
				CLANG_WARN_INT_CONVERSION = YES;
				CLANG_WARN_NON_LITERAL_NULL_CONVERSION = YES;
				CLANG_WARN_OBJC_LITERAL_CONVERSION = YES;
				CLANG_WARN_OBJC_ROOT_CLASS = YES_ERROR;
				CLANG_WARN_RANGE_LOOP_ANALYSIS = YES;
				CLANG_WARN_STRICT_PROTOTYPES = YES;
				CLANG_WARN_SUSPICIOUS_MOVE = YES;
				CLANG_WARN_UNGUARDED_AVAILABILITY = YES_AGGRESSIVE;
				CLANG_WARN_UNREACHABLE_CODE = YES;
				CLANG_WARN__DUPLICATE_METHOD_MATCH = YES;
				CODE_SIGN_IDENTITY = "iPhone Developer";
				COPY_PHASE_STRIP = NO;
				DEBUG_INFORMATION_FORMAT = "dwarf-with-dsym";
				ENABLE_NS_ASSERTIONS = NO;
				ENABLE_STRICT_OBJC_MSGSEND = YES;
				GCC_C_LANGUAGE_STANDARD = gnu11;
				GCC_NO_COMMON_BLOCKS = YES;
				GCC_WARN_64_TO_32_BIT_CONVERSION = YES;
				GCC_WARN_ABOUT_RETURN_TYPE = YES_ERROR;
				GCC_WARN_UNDECLARED_SELECTOR = YES;
				GCC_WARN_UNINITIALIZED_AUTOS = YES_AGGRESSIVE;
				GCC_WARN_UNUSED_FUNCTION = YES;
				GCC_WARN_UNUSED_VARIABLE = YES;
				IPHONEOS_DEPLOYMENT_TARGET = 11.1;
				MTL_ENABLE_DEBUG_INFO = NO;
				SDKROOT = iphoneos;
				SWIFT_OPTIMIZATION_LEVEL = "-Owholemodule";
				VALIDATE_PRODUCT = YES;
			};
			name = Release;
		};
		1ABDAA7C1FC49BF1007FFB83 /* Debug */ = {
			isa = XCBuildConfiguration;
			buildSettings = {
				ASSETCATALOG_COMPILER_APPICON_NAME = AppIcon;
				CODE_SIGN_STYLE = Automatic;
				DEVELOPMENT_TEAM = 22ZGT27U85;
				INFOPLIST_FILE = ARMultiplayerTest/Info.plist;
				IPHONEOS_DEPLOYMENT_TARGET = 11.0;
				LD_RUNPATH_SEARCH_PATHS = "$(inherited) @executable_path/Frameworks";
				PRODUCT_BUNDLE_IDENTIFIER = com.motayne.aaron.ARMultiplayerTest;
				PRODUCT_NAME = "$(TARGET_NAME)";
				SWIFT_VERSION = 4.0;
				TARGETED_DEVICE_FAMILY = "1,2";
			};
			name = Debug;
		};
		1ABDAA7D1FC49BF1007FFB83 /* Release */ = {
			isa = XCBuildConfiguration;
			buildSettings = {
				ASSETCATALOG_COMPILER_APPICON_NAME = AppIcon;
				CODE_SIGN_STYLE = Automatic;
				DEVELOPMENT_TEAM = 22ZGT27U85;
				INFOPLIST_FILE = ARMultiplayerTest/Info.plist;
				IPHONEOS_DEPLOYMENT_TARGET = 11.0;
				LD_RUNPATH_SEARCH_PATHS = "$(inherited) @executable_path/Frameworks";
				PRODUCT_BUNDLE_IDENTIFIER = com.motayne.aaron.ARMultiplayerTest;
				PRODUCT_NAME = "$(TARGET_NAME)";
				SWIFT_VERSION = 4.0;
				TARGETED_DEVICE_FAMILY = "1,2";
			};
			name = Release;
		};
/* End XCBuildConfiguration section */

/* Begin XCConfigurationList section */
		1ABDAA621FC49BF1007FFB83 /* Build configuration list for PBXProject "ARMultiplayerTest" */ = {
			isa = XCConfigurationList;
			buildConfigurations = (
				1ABDAA791FC49BF1007FFB83 /* Debug */,
				1ABDAA7A1FC49BF1007FFB83 /* Release */,
			);
			defaultConfigurationIsVisible = 0;
			defaultConfigurationName = Release;
		};
		1ABDAA7B1FC49BF1007FFB83 /* Build configuration list for PBXNativeTarget "ARMultiplayerTest" */ = {
			isa = XCConfigurationList;
			buildConfigurations = (
				1ABDAA7C1FC49BF1007FFB83 /* Debug */,
				1ABDAA7D1FC49BF1007FFB83 /* Release */,
			);
			defaultConfigurationIsVisible = 0;
			defaultConfigurationName = Release;
		};
/* End XCConfigurationList section */
	};
	rootObject = 1ABDAA5F1FC49BF1007FFB83 /* Project object */;
}
